
Microsoft Visual Studio Solution File, Format Version 12.00
# Visual Studio Version 17
VisualStudioVersion = 17.14.37314.3 d17.14
MinimumVisualStudioVersion = 10.0.40219.1
Project("{FAE04EC0-301F-11D3-BF4B-00C04F79EFBC}") = "WpfApp4", "WpfApp4\WpfApp4.csproj", "{96DD41AA-F258-4599-BF6F-249E77F110EB}"
EndProject
Global
	GlobalSection(SolutionConfigurationPlatforms) = preSolution
		Debug|Any CPU = Debug|Any CPU
		Release|Any CPU = Release|Any CPU
	EndGlobalSection
	GlobalSection(ProjectConfigurationPlatforms) = postSolution
		{96DD41AA-F258-4599-BF6F-249E77F110EB}.Debug|Any CPU.ActiveCfg = Debug|Any CPU
		{96DD41AA-F258-4599-BF6F-249E77F110EB}.Debug|Any CPU.Build.0 = Debug|Any CPU
		{96DD41AA-F258-4599-BF6F-249E77F110EB}.Release|Any CPU.ActiveCfg = Release|Any CPU
		{96DD41AA-F258-4599-BF6F-249E77F110EB}.Release|Any CPU.Build.0 = Release|Any CPU
	EndGlobalSection
	GlobalSection(SolutionProperties) = preSolution
		HideSolutionNode = FALSE
	EndGlobalSection
	GlobalSection(ExtensibilityGlobals) = postSolution
		SolutionGuid = {D14E0808-D2FA-42FF-B60E-434155DB80B8}
	EndGlobalSection
EndGlobal
